
Microsoft Visual Studio Solution File, Format Version 12.00
# Visual Studio Version 16
VisualStudioVersion = 16.0.31727.386
MinimumVisualStudioVersion = 10.0.40219.1
Project("{FAE04EC0-301F-11D3-BF4B-00C04F79EFBC}") = "CallingMethodsSubmission", "CallingMethodsSubmission\CallingMethodsSubmission.csproj", "{CEBB2640-0EB7-4918-B89A-7B2FD0AF3F4A}"
EndProject
Global
	GlobalSection(SolutionConfigurationPlatforms) = preSolution
		Debug|Any CPU = Debug|Any CPU
		Release|Any CPU = Release|Any CPU
	EndGlobalSection
	GlobalSection(ProjectConfigurationPlatforms) = postSolution
		{CEBB2640-0EB7-4918-B89A-7B2FD0AF3F4A}.Debug|Any CPU.ActiveCfg = Debug|Any CPU
		{CEBB2640-0EB7-4918-B89A-7B2FD0AF3F4A}.Debug|Any CPU.Build.0 = Debug|Any CPU
		{CEBB2640-0EB7-4918-B89A-7B2FD0AF3F4A}.Release|Any CPU.ActiveCfg = Release|Any CPU
		{CEBB2640-0EB7-4918-B89A-7B2FD0AF3F4A}.Release|Any CPU.Build.0 = Release|Any CPU
	EndGlobalSection
	GlobalSection(SolutionProperties) = preSolution
		HideSolutionNode = FALSE
	EndGlobalSection
	GlobalSection(ExtensibilityGlobals) = postSolution
		SolutionGuid = {9E84BC9A-FEF2-4EDD-B33B-58D52F5D00F4}
	EndGlobalSection
EndGlobal
